// !$*UTF8*$!
{
	archiveVersion = 1;
	classes = {
	};
	objectVersion = 50;
	objects = {

/* Begin PBXBuildFile section */
		450D3A5A46899FA1252267A4 /* Pods_Stock_Information_App.framework in Frameworks */ = {isa = PBXBuildFile; fileRef = 933E0DF59418101206BDBB4A /* Pods_Stock_Information_App.framework */; };
		52045BF8F313424BDEC35CED /* Pods_Stock_Information_AppTests.framework in Frameworks */ = {isa = PBXBuildFile; fileRef = D77F87AB632DA99451C4631A /* Pods_Stock_Information_AppTests.framework */; };
		FBA7648D220382F000660490 /* UIFont.swift in Sources */ = {isa = PBXBuildFile; fileRef = FBA7648C220382F000660490 /* UIFont.swift */; };
		FBA764912204E54D00660490 /* Symbol.swift in Sources */ = {isa = PBXBuildFile; fileRef = FBA764902204E54D00660490 /* Symbol.swift */; };
		FBBFD66821F5003B00BD5532 /* APIClient.swift in Sources */ = {isa = PBXBuildFile; fileRef = FBBFD66721F5003B00BD5532 /* APIClient.swift */; };
		FBBFD66A21F5004B00BD5532 /* APIRequest.swift in Sources */ = {isa = PBXBuildFile; fileRef = FBBFD66921F5004B00BD5532 /* APIRequest.swift */; };
		FBBFD66E21F5099F00BD5532 /* Stock.swift in Sources */ = {isa = PBXBuildFile; fileRef = FBBFD66D21F5099F00BD5532 /* Stock.swift */; };
		FBBFD67121F61CDF00BD5532 /* BaseModel.swift in Sources */ = {isa = PBXBuildFile; fileRef = FBBFD67021F61CDF00BD5532 /* BaseModel.swift */; };
		FBBFD67321F6286F00BD5532 /* APIRequestFactory.swift in Sources */ = {isa = PBXBuildFile; fileRef = FBBFD67221F6286F00BD5532 /* APIRequestFactory.swift */; };
		FBBFD67621F67F5900BD5532 /* UIColor.swift in Sources */ = {isa = PBXBuildFile; fileRef = FBBFD67521F67F5900BD5532 /* UIColor.swift */; };
		FBBFD67821F6897400BD5532 /* UILabel.swift in Sources */ = {isa = PBXBuildFile; fileRef = FBBFD67721F6897400BD5532 /* UILabel.swift */; };
		FBD9850F2221ACF100C81E40 /* Stock_List.plist in Resources */ = {isa = PBXBuildFile; fileRef = FBD9850E2221ACF100C81E40 /* Stock_List.plist */; };
		FBD985122221AD4200C81E40 /* StockListDataBaseManager.swift in Sources */ = {isa = PBXBuildFile; fileRef = FBD985112221AD4200C81E40 /* StockListDataBaseManager.swift */; };
		FBDED87A21DA830B00CEDC6B /* AppDelegate.swift in Sources */ = {isa = PBXBuildFile; fileRef = FBDED87921DA830B00CEDC6B /* AppDelegate.swift */; };
		FBDED87C21DA830B00CEDC6B /* StockListViewController.swift in Sources */ = {isa = PBXBuildFile; fileRef = FBDED87B21DA830B00CEDC6B /* StockListViewController.swift */; };
		FBDED87F21DA830B00CEDC6B /* Main.storyboard in Resources */ = {isa = PBXBuildFile; fileRef = FBDED87D21DA830B00CEDC6B /* Main.storyboard */; };
		FBDED88121DA830C00CEDC6B /* Assets.xcassets in Resources */ = {isa = PBXBuildFile; fileRef = FBDED88021DA830C00CEDC6B /* Assets.xcassets */; };
		FBDED88421DA830D00CEDC6B /* LaunchScreen.storyboard in Resources */ = {isa = PBXBuildFile; fileRef = FBDED88221DA830D00CEDC6B /* LaunchScreen.storyboard */; };
		FBDED88F21DA830D00CEDC6B /* Stock_Information_AppTests.swift in Sources */ = {isa = PBXBuildFile; fileRef = FBDED88E21DA830D00CEDC6B /* Stock_Information_AppTests.swift */; };
		FBF50A3621FA4C3D000ABE94 /* AddStockViewController.swift in Sources */ = {isa = PBXBuildFile; fileRef = FBF50A3521FA4C3D000ABE94 /* AddStockViewController.swift */; };
		FBF50A3821FA50DC000ABE94 /* UINavigationController.swift in Sources */ = {isa = PBXBuildFile; fileRef = FBF50A3721FA50DC000ABE94 /* UINavigationController.swift */; };
/* End PBXBuildFile section */

/* Begin PBXContainerItemProxy section */
		FBDED88B21DA830D00CEDC6B /* PBXContainerItemProxy */ = {
			isa = PBXContainerItemProxy;
			containerPortal = FBDED86E21DA830B00CEDC6B /* Project object */;
			proxyType = 1;
			remoteGlobalIDString = FBDED87521DA830B00CEDC6B;
			remoteInfo = "Stock Information App";
		};
/* End PBXContainerItemProxy section */

/* Begin PBXFileReference section */
		058F6B6EC9EF17B60177A78B /* Pods-Stock Information AppTests.debug.xcconfig */ = {isa = PBXFileReference; includeInIndex = 1; lastKnownFileType = text.xcconfig; name = "Pods-Stock Information AppTests.debug.xcconfig"; path = "Pods/Target Support Files/Pods-Stock Information AppTests/Pods-Stock Information AppTests.debug.xcconfig"; sourceTree = "<group>"; };
		51CF91DFC52CBC7145560976 /* Pods-Stock Information AppTests.release.xcconfig */ = {isa = PBXFileReference; includeInIndex = 1; lastKnownFileType = text.xcconfig; name = "Pods-Stock Information AppTests.release.xcconfig"; path = "Pods/Target Support Files/Pods-Stock Information AppTests/Pods-Stock Information AppTests.release.xcconfig"; sourceTree = "<group>"; };
		933E0DF59418101206BDBB4A /* Pods_Stock_Information_App.framework */ = {isa = PBXFileReference; explicitFileType = wrapper.framework; includeInIndex = 0; path = Pods_Stock_Information_App.framework; sourceTree = BUILT_PRODUCTS_DIR; };
		9F08F45A72459B47E30E34B8 /* Pods-Stock Information App.debug.xcconfig */ = {isa = PBXFileReference; includeInIndex = 1; lastKnownFileType = text.xcconfig; name = "Pods-Stock Information App.debug.xcconfig"; path = "Pods/Target Support Files/Pods-Stock Information App/Pods-Stock Information App.debug.xcconfig"; sourceTree = "<group>"; };
		D77F87AB632DA99451C4631A /* Pods_Stock_Information_AppTests.framework */ = {isa = PBXFileReference; explicitFileType = wrapper.framework; includeInIndex = 0; path = Pods_Stock_Information_AppTests.framework; sourceTree = BUILT_PRODUCTS_DIR; };
		E164972E64A5583153F2F434 /* Pods-Stock Information App.release.xcconfig */ = {isa = PBXFileReference; includeInIndex = 1; lastKnownFileType = text.xcconfig; name = "Pods-Stock Information App.release.xcconfig"; path = "Pods/Target Support Files/Pods-Stock Information App/Pods-Stock Information App.release.xcconfig"; sourceTree = "<group>"; };
		FBA7648C220382F000660490 /* UIFont.swift */ = {isa = PBXFileReference; lastKnownFileType = sourcecode.swift; path = UIFont.swift; sourceTree = "<group>"; };
		FBA764902204E54D00660490 /* Symbol.swift */ = {isa = PBXFileReference; fileEncoding = 4; lastKnownFileType = sourcecode.swift; path = Symbol.swift; sourceTree = "<group>"; };
		FBBFD66721F5003B00BD5532 /* APIClient.swift */ = {isa = PBXFileReference; lastKnownFileType = sourcecode.swift; path = APIClient.swift; sourceTree = "<group>"; };
		FBBFD66921F5004B00BD5532 /* APIRequest.swift */ = {isa = PBXFileReference; lastKnownFileType = sourcecode.swift; path = APIRequest.swift; sourceTree = "<group>"; };
		FBBFD66D21F5099F00BD5532 /* Stock.swift */ = {isa = PBXFileReference; lastKnownFileType = sourcecode.swift; path = Stock.swift; sourceTree = "<group>"; };
		FBBFD67021F61CDF00BD5532 /* BaseModel.swift */ = {isa = PBXFileReference; lastKnownFileType = sourcecode.swift; path = BaseModel.swift; sourceTree = "<group>"; };
		FBBFD67221F6286F00BD5532 /* APIRequestFactory.swift */ = {isa = PBXFileReference; lastKnownFileType = sourcecode.swift; path = APIRequestFactory.swift; sourceTree = "<group>"; };
		FBBFD67521F67F5900BD5532 /* UIColor.swift */ = {isa = PBXFileReference; lastKnownFileType = sourcecode.swift; path = UIColor.swift; sourceTree = "<group>"; };
		FBBFD67721F6897400BD5532 /* UILabel.swift */ = {isa = PBXFileReference; lastKnownFileType = sourcecode.swift; path = UILabel.swift; sourceTree = "<group>"; };
		FBD9850E2221ACF100C81E40 /* Stock_List.plist */ = {isa = PBXFileReference; lastKnownFileType = text.plist.xml; path = Stock_List.plist; sourceTree = "<group>"; };
		FBD985112221AD4200C81E40 /* StockListDataBaseManager.swift */ = {isa = PBXFileReference; lastKnownFileType = sourcecode.swift; path = StockListDataBaseManager.swift; sourceTree = "<group>"; };
		FBDED87621DA830B00CEDC6B /* Stock Information App.app */ = {isa = PBXFileReference; explicitFileType = wrapper.application; includeInIndex = 0; path = "Stock Information App.app"; sourceTree = BUILT_PRODUCTS_DIR; };
		FBDED87921DA830B00CEDC6B /* AppDelegate.swift */ = {isa = PBXFileReference; lastKnownFileType = sourcecode.swift; path = AppDelegate.swift; sourceTree = "<group>"; };
		FBDED87B21DA830B00CEDC6B /* StockListViewController.swift */ = {isa = PBXFileReference; lastKnownFileType = sourcecode.swift; path = StockListViewController.swift; sourceTree = "<group>"; };
		FBDED87E21DA830B00CEDC6B /* Base */ = {isa = PBXFileReference; lastKnownFileType = file.storyboard; name = Base; path = Base.lproj/Main.storyboard; sourceTree = "<group>"; };
		FBDED88021DA830C00CEDC6B /* Assets.xcassets */ = {isa = PBXFileReference; lastKnownFileType = folder.assetcatalog; path = Assets.xcassets; sourceTree = "<group>"; };
		FBDED88321DA830D00CEDC6B /* Base */ = {isa = PBXFileReference; lastKnownFileType = file.storyboard; name = Base; path = Base.lproj/LaunchScreen.storyboard; sourceTree = "<group>"; };
		FBDED88521DA830D00CEDC6B /* Info.plist */ = {isa = PBXFileReference; lastKnownFileType = text.plist.xml; path = Info.plist; sourceTree = "<group>"; };
		FBDED88A21DA830D00CEDC6B /* Stock Information AppTests.xctest */ = {isa = PBXFileReference; explicitFileType = wrapper.cfbundle; includeInIndex = 0; path = "Stock Information AppTests.xctest"; sourceTree = BUILT_PRODUCTS_DIR; };
		FBDED88E21DA830D00CEDC6B /* Stock_Information_AppTests.swift */ = {isa = PBXFileReference; lastKnownFileType = sourcecode.swift; path = Stock_Information_AppTests.swift; sourceTree = "<group>"; };
		FBDED89021DA830D00CEDC6B /* Info.plist */ = {isa = PBXFileReference; lastKnownFileType = text.plist.xml; path = Info.plist; sourceTree = "<group>"; };
		FBF50A3521FA4C3D000ABE94 /* AddStockViewController.swift */ = {isa = PBXFileReference; lastKnownFileType = sourcecode.swift; path = AddStockViewController.swift; sourceTree = "<group>"; };
		FBF50A3721FA50DC000ABE94 /* UINavigationController.swift */ = {isa = PBXFileReference; lastKnownFileType = sourcecode.swift; path = UINavigationController.swift; sourceTree = "<group>"; };
/* End PBXFileReference section */

/* Begin PBXFrameworksBuildPhase section */
		FBDED87321DA830B00CEDC6B /* Frameworks */ = {
			isa = PBXFrameworksBuildPhase;
			buildActionMask = 2147483647;
			files = (
				450D3A5A46899FA1252267A4 /* Pods_Stock_Information_App.framework in Frameworks */,
			);
			runOnlyForDeploymentPostprocessing = 0;
		};
		FBDED88721DA830D00CEDC6B /* Frameworks */ = {
			isa = PBXFrameworksBuildPhase;
			buildActionMask = 2147483647;
			files = (
				52045BF8F313424BDEC35CED /* Pods_Stock_Information_AppTests.framework in Frameworks */,
			);
			runOnlyForDeploymentPostprocessing = 0;
		};
/* End PBXFrameworksBuildPhase section */

/* Begin PBXGroup section */
		5DB81F34AE67D56041E1E87B /* Frameworks */ = {
			isa = PBXGroup;
			children = (
				933E0DF59418101206BDBB4A /* Pods_Stock_Information_App.framework */,
				D77F87AB632DA99451C4631A /* Pods_Stock_Information_AppTests.framework */,
			);
			name = Frameworks;
			sourceTree = "<group>";
		};
		BD572CD7477B30BC0ACDC509 /* Pods */ = {
			isa = PBXGroup;
			children = (
				9F08F45A72459B47E30E34B8 /* Pods-Stock Information App.debug.xcconfig */,
				E164972E64A5583153F2F434 /* Pods-Stock Information App.release.xcconfig */,
				058F6B6EC9EF17B60177A78B /* Pods-Stock Information AppTests.debug.xcconfig */,
				51CF91DFC52CBC7145560976 /* Pods-Stock Information AppTests.release.xcconfig */,
			);
			name = Pods;
			sourceTree = "<group>";
		};
		FB81168921DA878500E97800 /* Source */ = {
			isa = PBXGroup;
			children = (
				FBD985102221AD2200C81E40 /* Singletons and Managers */,
				FBBFD66621F4FC5700BD5532 /* API Networking */,
				FBBFD66F21F61B9600BD5532 /* Base Clasess & Protocols */,
				FBBFD67421F67F4400BD5532 /* Extensions */,
				FB81168B21DA879D00E97800 /* Miscellaneous */,
				FB81168D21DA87E300E97800 /* Models */,
				FB81168F21DA87F400E97800 /* View Controllers */,
				FB81168E21DA87EA00E97800 /* Views */,
			);
			path = Source;
			sourceTree = "<group>";
		};
		FB81168A21DA878C00E97800 /* Resources */ = {
			isa = PBXGroup;
			children = (
				FB81168C21DA87C600E97800 /* Storyboards */,
				FBDED88021DA830C00CEDC6B /* Assets.xcassets */,
				FBDED88521DA830D00CEDC6B /* Info.plist */,
				FBD9850E2221ACF100C81E40 /* Stock_List.plist */,
			);
			path = Resources;
			sourceTree = "<group>";
		};
		FB81168B21DA879D00E97800 /* Miscellaneous */ = {
			isa = PBXGroup;
			children = (
			);
			path = Miscellaneous;
			sourceTree = "<group>";
		};
		FB81168C21DA87C600E97800 /* Storyboards */ = {
			isa = PBXGroup;
			children = (
				FBDED88221DA830D00CEDC6B /* LaunchScreen.storyboard */,
				FBDED87D21DA830B00CEDC6B /* Main.storyboard */,
			);
			path = Storyboards;
			sourceTree = "<group>";
		};
		FB81168D21DA87E300E97800 /* Models */ = {
			isa = PBXGroup;
			children = (
				FBBFD66D21F5099F00BD5532 /* Stock.swift */,
				FBA764902204E54D00660490 /* Symbol.swift */,
			);
			path = Models;
			sourceTree = "<group>";
		};
		FB81168E21DA87EA00E97800 /* Views */ = {
			isa = PBXGroup;
			children = (
			);
			path = Views;
			sourceTree = "<group>";
		};
		FB81168F21DA87F400E97800 /* View Controllers */ = {
			isa = PBXGroup;
			children = (
				FBF50A3521FA4C3D000ABE94 /* AddStockViewController.swift */,
				FBDED87B21DA830B00CEDC6B /* StockListViewController.swift */,
			);
			path = "View Controllers";
			sourceTree = "<group>";
		};
		FBBFD66621F4FC5700BD5532 /* API Networking */ = {
			isa = PBXGroup;
			children = (
				FBBFD66721F5003B00BD5532 /* APIClient.swift */,
				FBBFD66921F5004B00BD5532 /* APIRequest.swift */,
				FBBFD67221F6286F00BD5532 /* APIRequestFactory.swift */,
			);
			path = "API Networking";
			sourceTree = "<group>";
		};
		FBBFD66F21F61B9600BD5532 /* Base Clasess & Protocols */ = {
			isa = PBXGroup;
			children = (
				FBBFD67021F61CDF00BD5532 /* BaseModel.swift */,
			);
			path = "Base Clasess & Protocols";
			sourceTree = "<group>";
		};
		FBBFD67421F67F4400BD5532 /* Extensions */ = {
			isa = PBXGroup;
			children = (
				FBBFD67521F67F5900BD5532 /* UIColor.swift */,
				FBA7648C220382F000660490 /* UIFont.swift */,
				FBBFD67721F6897400BD5532 /* UILabel.swift */,
				FBF50A3721FA50DC000ABE94 /* UINavigationController.swift */,
			);
			path = Extensions;
			sourceTree = "<group>";
		};
		FBD985102221AD2200C81E40 /* Singletons and Managers */ = {
			isa = PBXGroup;
			children = (
				FBD985112221AD4200C81E40 /* StockListDataBaseManager.swift */,
			);
			path = "Singletons and Managers";
			sourceTree = "<group>";
		};
		FBDED86D21DA830B00CEDC6B = {
			isa = PBXGroup;
			children = (
				FBDED87821DA830B00CEDC6B /* Stock Information App */,
				FBDED88D21DA830D00CEDC6B /* Stock Information AppTests */,
				FBDED87721DA830B00CEDC6B /* Products */,
				BD572CD7477B30BC0ACDC509 /* Pods */,
				5DB81F34AE67D56041E1E87B /* Frameworks */,
			);
			sourceTree = "<group>";
		};
		FBDED87721DA830B00CEDC6B /* Products */ = {
			isa = PBXGroup;
			children = (
				FBDED87621DA830B00CEDC6B /* Stock Information App.app */,
				FBDED88A21DA830D00CEDC6B /* Stock Information AppTests.xctest */,
			);
			name = Products;
			sourceTree = "<group>";
		};
		FBDED87821DA830B00CEDC6B /* Stock Information App */ = {
			isa = PBXGroup;
			children = (
				FBDED87921DA830B00CEDC6B /* AppDelegate.swift */,
				FB81168A21DA878C00E97800 /* Resources */,
				FB81168921DA878500E97800 /* Source */,
			);
			path = "Stock Information App";
			sourceTree = "<group>";
		};
		FBDED88D21DA830D00CEDC6B /* Stock Information AppTests */ = {
			isa = PBXGroup;
			children = (
				FBDED88E21DA830D00CEDC6B /* Stock_Information_AppTests.swift */,
				FBDED89021DA830D00CEDC6B /* Info.plist */,
			);
			path = "Stock Information AppTests";
			sourceTree = "<group>";
		};
/* End PBXGroup section */

/* Begin PBXNativeTarget section */
		FBDED87521DA830B00CEDC6B /* Stock Information App */ = {
			isa = PBXNativeTarget;
			buildConfigurationList = FBDED89321DA830D00CEDC6B /* Build configuration list for PBXNativeTarget "Stock Information App" */;
			buildPhases = (
				0B5B728005B6DF8B8C086CBD /* [CP] Check Pods Manifest.lock */,
				FBDED87221DA830B00CEDC6B /* Sources */,
				FBDED87321DA830B00CEDC6B /* Frameworks */,
				FBDED87421DA830B00CEDC6B /* Resources */,
				7FD9C45A5159A359D2B052B0 /* [CP] Embed Pods Frameworks */,
			);
			buildRules = (
			);
			dependencies = (
			);
			name = "Stock Information App";
			productName = "Stock Information App";
			productReference = FBDED87621DA830B00CEDC6B /* Stock Information App.app */;
			productType = "com.apple.product-type.application";
		};
		FBDED88921DA830D00CEDC6B /* Stock Information AppTests */ = {
			isa = PBXNativeTarget;
			buildConfigurationList = FBDED89621DA830D00CEDC6B /* Build configuration list for PBXNativeTarget "Stock Information AppTests" */;
			buildPhases = (
				B8F252790BCCBE8ADD441D6A /* [CP] Check Pods Manifest.lock */,
				FBDED88621DA830D00CEDC6B /* Sources */,
				FBDED88721DA830D00CEDC6B /* Frameworks */,
				FBDED88821DA830D00CEDC6B /* Resources */,
			);
			buildRules = (
			);
			dependencies = (
				FBDED88C21DA830D00CEDC6B /* PBXTargetDependency */,
			);
			name = "Stock Information AppTests";
			productName = "Stock Information AppTests";
			productReference = FBDED88A21DA830D00CEDC6B /* Stock Information AppTests.xctest */;
			productType = "com.apple.product-type.bundle.unit-test";
		};
/* End PBXNativeTarget section */

/* Begin PBXProject section */
		FBDED86E21DA830B00CEDC6B /* Project object */ = {
			isa = PBXProject;
			attributes = {
				LastSwiftUpdateCheck = 1010;
				LastUpgradeCheck = 1010;
				ORGANIZATIONNAME = "Nathan Beaumont";
				TargetAttributes = {
					FBDED87521DA830B00CEDC6B = {
						CreatedOnToolsVersion = 10.1;
					};
					FBDED88921DA830D00CEDC6B = {
						CreatedOnToolsVersion = 10.1;
						TestTargetID = FBDED87521DA830B00CEDC6B;
					};
				};
			};
			buildConfigurationList = FBDED87121DA830B00CEDC6B /* Build configuration list for PBXProject "Stock Information App" */;
			compatibilityVersion = "Xcode 9.3";
			developmentRegion = en;
			hasScannedForEncodings = 0;
			knownRegions = (
				en,
				Base,
			);
			mainGroup = FBDED86D21DA830B00CEDC6B;
			productRefGroup = FBDED87721DA830B00CEDC6B /* Products */;
			projectDirPath = "";
			projectRoot = "";
			targets = (
				FBDED87521DA830B00CEDC6B /* Stock Information App */,
				FBDED88921DA830D00CEDC6B /* Stock Information AppTests */,
			);
		};
/* End PBXProject section */

/* Begin PBXResourcesBuildPhase section */
		FBDED87421DA830B00CEDC6B /* Resources */ = {
			isa = PBXResourcesBuildPhase;
			buildActionMask = 2147483647;
			files = (
				FBDED88421DA830D00CEDC6B /* LaunchScreen.storyboard in Resources */,
				FBD9850F2221ACF100C81E40 /* Stock_List.plist in Resources */,
				FBDED88121DA830C00CEDC6B /* Assets.xcassets in Resources */,
				FBDED87F21DA830B00CEDC6B /* Main.storyboard in Resources */,
			);
			runOnlyForDeploymentPostprocessing = 0;
		};
		FBDED88821DA830D00CEDC6B /* Resources */ = {
			isa = PBXResourcesBuildPhase;
			buildActionMask = 2147483647;
			files = (
			);
			runOnlyForDeploymentPostprocessing = 0;
		};
/* End PBXResourcesBuildPhase section */

/* Begin PBXShellScriptBuildPhase section */
		0B5B728005B6DF8B8C086CBD /* [CP] Check Pods Manifest.lock */ = {
			isa = PBXShellScriptBuildPhase;
			buildActionMask = 2147483647;
			files = (
			);
			inputPaths = (
				"${PODS_PODFILE_DIR_PATH}/Podfile.lock",
				"${PODS_ROOT}/Manifest.lock",
			);
			name = "[CP] Check Pods Manifest.lock";
			outputPaths = (
				"$(DERIVED_FILE_DIR)/Pods-Stock Information App-checkManifestLockResult.txt",
			);
			runOnlyForDeploymentPostprocessing = 0;
			shellPath = /bin/sh;
			shellScript = "diff \"${PODS_PODFILE_DIR_PATH}/Podfile.lock\" \"${PODS_ROOT}/Manifest.lock\" > /dev/null\nif [ $? != 0 ] ; then\n    # print error to STDERR\n    echo \"error: The sandbox is not in sync with the Podfile.lock. Run 'pod install' or update your CocoaPods installation.\" >&2\n    exit 1\nfi\n# This output is used by Xcode 'outputs' to avoid re-running this script phase.\necho \"SUCCESS\" > \"${SCRIPT_OUTPUT_FILE_0}\"\n";
			showEnvVarsInLog = 0;
		};
		7FD9C45A5159A359D2B052B0 /* [CP] Embed Pods Frameworks */ = {
			isa = PBXShellScriptBuildPhase;
			buildActionMask = 2147483647;
			files = (
			);
			inputPaths = (
				"${SRCROOT}/Pods/Target Support Files/Pods-Stock Information App/Pods-Stock Information App-frameworks.sh",
				"${BUILT_PRODUCTS_DIR}/Alamofire/Alamofire.framework",
				"${BUILT_PRODUCTS_DIR}/RxAtomic/RxAtomic.framework",
				"${BUILT_PRODUCTS_DIR}/RxCocoa/RxCocoa.framework",
				"${BUILT_PRODUCTS_DIR}/RxSwift/RxSwift.framework",
				"${BUILT_PRODUCTS_DIR}/Toast-Swift/Toast_Swift.framework",
			);
			name = "[CP] Embed Pods Frameworks";
			outputPaths = (
				"${TARGET_BUILD_DIR}/${FRAMEWORKS_FOLDER_PATH}/Alamofire.framework",
				"${TARGET_BUILD_DIR}/${FRAMEWORKS_FOLDER_PATH}/RxAtomic.framework",
				"${TARGET_BUILD_DIR}/${FRAMEWORKS_FOLDER_PATH}/RxCocoa.framework",
				"${TARGET_BUILD_DIR}/${FRAMEWORKS_FOLDER_PATH}/RxSwift.framework",
				"${TARGET_BUILD_DIR}/${FRAMEWORKS_FOLDER_PATH}/Toast_Swift.framework",
			);
			runOnlyForDeploymentPostprocessing = 0;
			shellPath = /bin/sh;
			shellScript = "\"${SRCROOT}/Pods/Target Support Files/Pods-Stock Information App/Pods-Stock Information App-frameworks.sh\"\n";
			showEnvVarsInLog = 0;
		};
		B8F252790BCCBE8ADD441D6A /* [CP] Check Pods Manifest.lock */ = {
			isa = PBXShellScriptBuildPhase;
			buildActionMask = 2147483647;
			files = (
			);
			inputPaths = (
				"${PODS_PODFILE_DIR_PATH}/Podfile.lock",
				"${PODS_ROOT}/Manifest.lock",
			);
			name = "[CP] Check Pods Manifest.lock";
			outputPaths = (
				"$(DERIVED_FILE_DIR)/Pods-Stock Information AppTests-checkManifestLockResult.txt",
			);
			runOnlyForDeploymentPostprocessing = 0;
			shellPath = /bin/sh;
			shellScript = "diff \"${PODS_PODFILE_DIR_PATH}/Podfile.lock\" \"${PODS_ROOT}/Manifest.lock\" > /dev/null\nif [ $? != 0 ] ; then\n    # print error to STDERR\n    echo \"error: The sandbox is not in sync with the Podfile.lock. Run 'pod install' or update your CocoaPods installation.\" >&2\n    exit 1\nfi\n# This output is used by Xcode 'outputs' to avoid re-running this script phase.\necho \"SUCCESS\" > \"${SCRIPT_OUTPUT_FILE_0}\"\n";
			showEnvVarsInLog = 0;
		};
/* End PBXShellScriptBuildPhase section */

/* Begin PBXSourcesBuildPhase section */
		FBDED87221DA830B00CEDC6B /* Sources */ = {
			isa = PBXSourcesBuildPhase;
			buildActionMask = 2147483647;
			files = (
				FBDED87C21DA830B00CEDC6B /* StockListViewController.swift in Sources */,
				FBDED87A21DA830B00CEDC6B /* AppDelegate.swift in Sources */,
				FBF50A3821FA50DC000ABE94 /* UINavigationController.swift in Sources */,
				FBBFD67321F6286F00BD5532 /* APIRequestFactory.swift in Sources */,
				FBBFD67121F61CDF00BD5532 /* BaseModel.swift in Sources */,
				FBD985122221AD4200C81E40 /* StockListDataBaseManager.swift in Sources */,
				FBA764912204E54D00660490 /* Symbol.swift in Sources */,
				FBBFD67821F6897400BD5532 /* UILabel.swift in Sources */,
				FBBFD66E21F5099F00BD5532 /* Stock.swift in Sources */,
				FBBFD67621F67F5900BD5532 /* UIColor.swift in Sources */,
				FBA7648D220382F000660490 /* UIFont.swift in Sources */,
				FBBFD66A21F5004B00BD5532 /* APIRequest.swift in Sources */,
				FBBFD66821F5003B00BD5532 /* APIClient.swift in Sources */,
				FBF50A3621FA4C3D000ABE94 /* AddStockViewController.swift in Sources */,
			);
			runOnlyForDeploymentPostprocessing = 0;
		};
		FBDED88621DA830D00CEDC6B /* Sources */ = {
			isa = PBXSourcesBuildPhase;
			buildActionMask = 2147483647;
			files = (
				FBDED88F21DA830D00CEDC6B /* Stock_Information_AppTests.swift in Sources */,
			);
			runOnlyForDeploymentPostprocessing = 0;
		};
/* End PBXSourcesBuildPhase section */

/* Begin PBXTargetDependency section */
		FBDED88C21DA830D00CEDC6B /* PBXTargetDependency */ = {
			isa = PBXTargetDependency;
			target = FBDED87521DA830B00CEDC6B /* Stock Information App */;
			targetProxy = FBDED88B21DA830D00CEDC6B /* PBXContainerItemProxy */;
		};
/* End PBXTargetDependency section */

/* Begin PBXVariantGroup section */
		FBDED87D21DA830B00CEDC6B /* Main.storyboard */ = {
			isa = PBXVariantGroup;
			children = (
				FBDED87E21DA830B00CEDC6B /* Base */,
			);
			name = Main.storyboard;
			sourceTree = "<group>";
		};
		FBDED88221DA830D00CEDC6B /* LaunchScreen.storyboard */ = {
			isa = PBXVariantGroup;
			children = (
				FBDED88321DA830D00CEDC6B /* Base */,
			);
			name = LaunchScreen.storyboard;
			sourceTree = "<group>";
		};
/* End PBXVariantGroup section */

/* Begin XCBuildConfiguration section */
		FBDED89121DA830D00CEDC6B /* Debug */ = {
			isa = XCBuildConfiguration;
			buildSettings = {
				ALWAYS_SEARCH_USER_PATHS = NO;
				CLANG_ANALYZER_NONNULL = YES;
				CLANG_ANALYZER_NUMBER_OBJECT_CONVERSION = YES_AGGRESSIVE;
				CLANG_CXX_LANGUAGE_STANDARD = "gnu++14";
				CLANG_CXX_LIBRARY = "libc++";
				CLANG_ENABLE_MODULES = YES;
				CLANG_ENABLE_OBJC_ARC = YES;
				CLANG_ENABLE_OBJC_WEAK = YES;
				CLANG_WARN_BLOCK_CAPTURE_AUTORELEASING = YES;
				CLANG_WARN_BOOL_CONVERSION = YES;
				CLANG_WARN_COMMA = YES;
				CLANG_WARN_CONSTANT_CONVERSION = YES;
				CLANG_WARN_DEPRECATED_OBJC_IMPLEMENTATIONS = YES;
				CLANG_WARN_DIRECT_OBJC_ISA_USAGE = YES_ERROR;
				CLANG_WARN_DOCUMENTATION_COMMENTS = YES;
				CLANG_WARN_EMPTY_BODY = YES;
				CLANG_WARN_ENUM_CONVERSION = YES;
				CLANG_WARN_INFINITE_RECURSION = YES;
				CLANG_WARN_INT_CONVERSION = YES;
				CLANG_WARN_NON_LITERAL_NULL_CONVERSION = YES;
				CLANG_WARN_OBJC_IMPLICIT_RETAIN_SELF = YES;
				CLANG_WARN_OBJC_LITERAL_CONVERSION = YES;
				CLANG_WARN_OBJC_ROOT_CLASS = YES_ERROR;
				CLANG_WARN_RANGE_LOOP_ANALYSIS = YES;
				CLANG_WARN_STRICT_PROTOTYPES = YES;
				CLANG_WARN_SUSPICIOUS_MOVE = YES;
				CLANG_WARN_UNGUARDED_AVAILABILITY = YES_AGGRESSIVE;
				CLANG_WARN_UNREACHABLE_CODE = YES;
				CLANG_WARN__DUPLICATE_METHOD_MATCH = YES;
				CODE_SIGN_IDENTITY = "iPhone Developer";
				COPY_PHASE_STRIP = NO;
				DEBUG_INFORMATION_FORMAT = dwarf;
				ENABLE_STRICT_OBJC_MSGSEND = YES;
				ENABLE_TESTABILITY = YES;
				GCC_C_LANGUAGE_STANDARD = gnu11;
				GCC_DYNAMIC_NO_PIC = NO;
				GCC_NO_COMMON_BLOCKS = YES;
				GCC_OPTIMIZATION_LEVEL = 0;
				GCC_PREPROCESSOR_DEFINITIONS = (
					"DEBUG=1",
					"$(inherited)",
				);
				GCC_WARN_64_TO_32_BIT_CONVERSION = YES;
				GCC_WARN_ABOUT_RETURN_TYPE = YES_ERROR;
				GCC_WARN_UNDECLARED_SELECTOR = YES;
				GCC_WARN_UNINITIALIZED_AUTOS = YES_AGGRESSIVE;
				GCC_WARN_UNUSED_FUNCTION = YES;
				GCC_WARN_UNUSED_VARIABLE = YES;
				IPHONEOS_DEPLOYMENT_TARGET = 12.1;
				MTL_ENABLE_DEBUG_INFO = INCLUDE_SOURCE;
				MTL_FAST_MATH = YES;
				ONLY_ACTIVE_ARCH = YES;
				SDKROOT = iphoneos;
				SWIFT_ACTIVE_COMPILATION_CONDITIONS = DEBUG;
				SWIFT_OPTIMIZATION_LEVEL = "-Onone";
			};
			name = Debug;
		};
		FBDED89221DA830D00CEDC6B /* Release */ = {
			isa = XCBuildConfiguration;
			buildSettings = {
				ALWAYS_SEARCH_USER_PATHS = NO;
				CLANG_ANALYZER_NONNULL = YES;
				CLANG_ANALYZER_NUMBER_OBJECT_CONVERSION = YES_AGGRESSIVE;
				CLANG_CXX_LANGUAGE_STANDARD = "gnu++14";
				CLANG_CXX_LIBRARY = "libc++";
				CLANG_ENABLE_MODULES = YES;
				CLANG_ENABLE_OBJC_ARC = YES;
				CLANG_ENABLE_OBJC_WEAK = YES;
				CLANG_WARN_BLOCK_CAPTURE_AUTORELEASING = YES;
				CLANG_WARN_BOOL_CONVERSION = YES;
				CLANG_WARN_COMMA = YES;
				CLANG_WARN_CONSTANT_CONVERSION = YES;
				CLANG_WARN_DEPRECATED_OBJC_IMPLEMENTATIONS = YES;
				CLANG_WARN_DIRECT_OBJC_ISA_USAGE = YES_ERROR;
				CLANG_WARN_DOCUMENTATION_COMMENTS = YES;
				CLANG_WARN_EMPTY_BODY = YES;
				CLANG_WARN_ENUM_CONVERSION = YES;
				CLANG_WARN_INFINITE_RECURSION = YES;
				CLANG_WARN_INT_CONVERSION = YES;
				CLANG_WARN_NON_LITERAL_NULL_CONVERSION = YES;
				CLANG_WARN_OBJC_IMPLICIT_RETAIN_SELF = YES;
				CLANG_WARN_OBJC_LITERAL_CONVERSION = YES;
				CLANG_WARN_OBJC_ROOT_CLASS = YES_ERROR;
				CLANG_WARN_RANGE_LOOP_ANALYSIS = YES;
				CLANG_WARN_STRICT_PROTOTYPES = YES;
				CLANG_WARN_SUSPICIOUS_MOVE = YES;
				CLANG_WARN_UNGUARDED_AVAILABILITY = YES_AGGRESSIVE;
				CLANG_WARN_UNREACHABLE_CODE = YES;
				CLANG_WARN__DUPLICATE_METHOD_MATCH = YES;
				CODE_SIGN_IDENTITY = "iPhone Developer";
				COPY_PHASE_STRIP = NO;
				DEBUG_INFORMATION_FORMAT = "dwarf-with-dsym";
				ENABLE_NS_ASSERTIONS = NO;
				ENABLE_STRICT_OBJC_MSGSEND = YES;
				GCC_C_LANGUAGE_STANDARD = gnu11;
				GCC_NO_COMMON_BLOCKS = YES;
				GCC_WARN_64_TO_32_BIT_CONVERSION = YES;
				GCC_WARN_ABOUT_RETURN_TYPE = YES_ERROR;
				GCC_WARN_UNDECLARED_SELECTOR = YES;
				GCC_WARN_UNINITIALIZED_AUTOS = YES_AGGRESSIVE;
				GCC_WARN_UNUSED_FUNCTION = YES;
				GCC_WARN_UNUSED_VARIABLE = YES;
				IPHONEOS_DEPLOYMENT_TARGET = 12.1;
				MTL_ENABLE_DEBUG_INFO = NO;
				MTL_FAST_MATH = YES;
				SDKROOT = iphoneos;
				SWIFT_COMPILATION_MODE = wholemodule;
				SWIFT_OPTIMIZATION_LEVEL = "-O";
				VALIDATE_PRODUCT = YES;
			};
			name = Release;
		};
		FBDED89421DA830D00CEDC6B /* Debug */ = {
			isa = XCBuildConfiguration;
			baseConfigurationReference = 9F08F45A72459B47E30E34B8 /* Pods-Stock Information App.debug.xcconfig */;
			buildSettings = {
				ASSETCATALOG_COMPILER_APPICON_NAME = AppIcon;
				CODE_SIGN_STYLE = Automatic;
				DEVELOPMENT_TEAM = K4MUGL7ULP;
				INFOPLIST_FILE = "$(SRCROOT)/Stock Information App/Resources/Info.plist";
				LD_RUNPATH_SEARCH_PATHS = (
					"$(inherited)",
					"@executable_path/Frameworks",
				);
				PRODUCT_BUNDLE_IDENTIFIER = "NathanBeaumont.Stock-Information-App";
				PRODUCT_NAME = "$(TARGET_NAME)";
				SWIFT_VERSION = 4.2;
				TARGETED_DEVICE_FAMILY = "1,2";
			};
			name = Debug;
		};
		FBDED89521DA830D00CEDC6B /* Release */ = {
			isa = XCBuildConfiguration;
			baseConfigurationReference = E164972E64A5583153F2F434 /* Pods-Stock Information App.release.xcconfig */;
			buildSettings = {
				ASSETCATALOG_COMPILER_APPICON_NAME = AppIcon;
				CODE_SIGN_STYLE = Automatic;
				DEVELOPMENT_TEAM = K4MUGL7ULP;
				INFOPLIST_FILE = "$(SRCROOT)/Stock Information App/Resources/Info.plist";
				LD_RUNPATH_SEARCH_PATHS = (
					"$(inherited)",
					"@executable_path/Frameworks",
				);
				PRODUCT_BUNDLE_IDENTIFIER = "NathanBeaumont.Stock-Information-App";
				PRODUCT_NAME = "$(TARGET_NAME)";
				SWIFT_VERSION = 4.2;
				TARGETED_DEVICE_FAMILY = "1,2";
			};
			name = Release;
		};
		FBDED89721DA830D00CEDC6B /* Debug */ = {
			isa = XCBuildConfiguration;
			baseConfigurationReference = 058F6B6EC9EF17B60177A78B /* Pods-Stock Information AppTests.debug.xcconfig */;
			buildSettings = {
				ALWAYS_EMBED_SWIFT_STANDARD_LIBRARIES = YES;
				BUNDLE_LOADER = "$(TEST_HOST)";
				CODE_SIGN_STYLE = Automatic;
				DEVELOPMENT_TEAM = K4MUGL7ULP;
				INFOPLIST_FILE = "Stock Information AppTests/Info.plist";
				LD_RUNPATH_SEARCH_PATHS = (
					"$(inherited)",
					"@executable_path/Frameworks",
					"@loader_path/Frameworks",
				);
				PRODUCT_BUNDLE_IDENTIFIER = "NathanBeaumont.Stock-Information-AppTests";
				PRODUCT_NAME = "$(TARGET_NAME)";
				SWIFT_VERSION = 4.2;
				TARGETED_DEVICE_FAMILY = "1,2";
				TEST_HOST = "$(BUILT_PRODUCTS_DIR)/Stock Information App.app/Stock Information App";
			};
			name = Debug;
		};
		FBDED89821DA830D00CEDC6B /* Release */ = {
			isa = XCBuildConfiguration;
			baseConfigurationReference = 51CF91DFC52CBC7145560976 /* Pods-Stock Information AppTests.release.xcconfig */;
			buildSettings = {
				ALWAYS_EMBED_SWIFT_STANDARD_LIBRARIES = YES;
				BUNDLE_LOADER = "$(TEST_HOST)";
				CODE_SIGN_STYLE = Automatic;
				DEVELOPMENT_TEAM = K4MUGL7ULP;
				INFOPLIST_FILE = "Stock Information AppTests/Info.plist";
				LD_RUNPATH_SEARCH_PATHS = (
					"$(inherited)",
					"@executable_path/Frameworks",
					"@loader_path/Frameworks",
				);
				PRODUCT_BUNDLE_IDENTIFIER = "NathanBeaumont.Stock-Information-AppTests";
				PRODUCT_NAME = "$(TARGET_NAME)";
				SWIFT_VERSION = 4.2;
				TARGETED_DEVICE_FAMILY = "1,2";
				TEST_HOST = "$(BUILT_PRODUCTS_DIR)/Stock Information App.app/Stock Information App";
			};
			name = Release;
		};
/* End XCBuildConfiguration section */

/* Begin XCConfigurationList section */
		FBDED87121DA830B00CEDC6B /* Build configuration list for PBXProject "Stock Information App" */ = {
			isa = XCConfigurationList;
			buildConfigurations = (
				FBDED89121DA830D00CEDC6B /* Debug */,
				FBDED89221DA830D00CEDC6B /* Release */,
			);
			defaultConfigurationIsVisible = 0;
			defaultConfigurationName = Release;
		};
		FBDED89321DA830D00CEDC6B /* Build configuration list for PBXNativeTarget "Stock Information App" */ = {
			isa = XCConfigurationList;
			buildConfigurations = (
				FBDED89421DA830D00CEDC6B /* Debug */,
				FBDED89521DA830D00CEDC6B /* Release */,
			);
			defaultConfigurationIsVisible = 0;
			defaultConfigurationName = Release;
		};
		FBDED89621DA830D00CEDC6B /* Build configuration list for PBXNativeTarget "Stock Information AppTests" */ = {
			isa = XCConfigurationList;
			buildConfigurations = (
				FBDED89721DA830D00CEDC6B /* Debug */,
				FBDED89821DA830D00CEDC6B /* Release */,
			);
			defaultConfigurationIsVisible = 0;
			defaultConfigurationName = Release;
		};
/* End XCConfigurationList section */
	};
	rootObject = FBDED86E21DA830B00CEDC6B /* Project object */;
}
